
Microsoft Visual Studio Solution File, Format Version 12.00
# Visual Studio Version 17
VisualStudioVersion = 17.12.35707.178 d17.12
MinimumVisualStudioVersion = 16.0.0.0
Project("{FAE04EC0-301F-11D3-BF4B-00C04F79EFBC}") = "StreamTestStride.Windows", "StreamTestStride.Windows\StreamTestStride.Windows.csproj", "{1864DB20-AB68-49C8-B4AA-99B2BB5D47E3}"
EndProject
Project("{FAE04EC0-301F-11D3-BF4B-00C04F79EFBC}") = "StreamTestStride", "StreamTestStride\StreamTestStride.csproj", "{704C7EB9-B93D-453C-A257-F4A018E42036}"
EndProject
Global
	GlobalSection(SolutionConfigurationPlatforms) = preSolution
		Debug|Any CPU = Debug|Any CPU
		Release|Any CPU = Release|Any CPU
	EndGlobalSection
	GlobalSection(ProjectConfigurationPlatforms) = postSolution
		{1864DB20-AB68-49C8-B4AA-99B2BB5D47E3}.Debug|Any CPU.ActiveCfg = Debug|Any CPU
		{1864DB20-AB68-49C8-B4AA-99B2BB5D47E3}.Debug|Any CPU.Build.0 = Debug|Any CPU
		{1864DB20-AB68-49C8-B4AA-99B2BB5D47E3}.Release|Any CPU.ActiveCfg = Release|Any CPU
		{1864DB20-AB68-49C8-B4AA-99B2BB5D47E3}.Release|Any CPU.Build.0 = Release|Any CPU
		{704C7EB9-B93D-453C-A257-F4A018E42036}.Debug|Any CPU.ActiveCfg = Debug|Any CPU
		{704C7EB9-B93D-453C-A257-F4A018E42036}.Debug|Any CPU.Build.0 = Debug|Any CPU
		{704C7EB9-B93D-453C-A257-F4A018E42036}.Release|Any CPU.ActiveCfg = Release|Any CPU
		{704C7EB9-B93D-453C-A257-F4A018E42036}.Release|Any CPU.Build.0 = Release|Any CPU
	EndGlobalSection
	GlobalSection(SolutionProperties) = preSolution
		HideSolutionNode = FALSE
	EndGlobalSection
EndGlobal
